#MicroXplorer Configuration settings - do not modify
Mcu.Family=STM32F0
VP_SYS_VS_PINREMAP.Mode=PINREMAP
ProjectManager.MainLocation=Src
RCC.I2SFreq_Value=48000000
USB_DEVICE.CLASS_NAME_FS=CDC
RCC.USART1Freq_Value=48000000
ProjectManager.ProjectFileName=Software.ioc
USART2.IPParameters=VirtualMode-Asynchronous,BaudRate
ProjectManager.KeepUserCode=true
Mcu.UserName=STM32F042F6Px
Mcu.PinsNb=16
NVIC.USB_IRQn=true\:0\:0\:false\:false\:true\:false\:true
ProjectManager.NoMain=false
USB_DEVICE.VirtualModeFS=Cdc_FS
RCC.PLLCLKFreq_Value=16000000
VP_IWDG_VS_IWDG.Mode=IWDG_Activate
ProjectManager.functionlistsort=1-MX_GPIO_Init-GPIO-false-HAL-true,2-SystemClock_Config-RCC-false-HAL-false,3-MX_IWDG_Init-IWDG-false-HAL-true,4-MX_USART2_UART_Init-USART2-false-HAL-true,5-MX_USB_DEVICE_Init-USB_DEVICE-false-HAL-false
PA11.Mode=Device
ProjectManager.DefaultFWLocation=true
NVIC.SVC_IRQn=true\:0\:0\:false\:false\:true\:false\:false
ProjectManager.DeletePrevious=true
VP_SYS_VS_PINREMAP.Signal=SYS_VS_PINREMAP
USB_DEVICE.IPParameters=VirtualMode,VirtualModeFS,CLASS_NAME_FS,USBD_DEBUG_LEVEL,APP_RX_DATA_SIZE,APP_TX_DATA_SIZE
USART2.BaudRate=115200
PinOutPanel.RotationAngle=0
RCC.FamilyName=M
RCC.SYSCLKSource=RCC_SYSCLKSOURCE_HSI48
ProjectManager.StackSize=0x400
PA3.Mode=Asynchronous
PA13.Signal=SYS_SWDIO
Mcu.IP4=USART2
RCC.FCLKCortexFreq_Value=48000000
Mcu.IP5=USB
Mcu.IP2=RCC
Mcu.IP3=SYS
Mcu.IP0=IWDG
PA12.Locked=true
Mcu.IP1=NVIC
PA12.Signal=USB_DP
PA4.PinState=GPIO_PIN_RESET
Mcu.UserConstants=
ProjectManager.TargetToolchain=Other Toolchains (GPDSC)
Mcu.ThirdPartyNb=0
RCC.HCLKFreq_Value=48000000
VP_USB_DEVICE_VS_USB_DEVICE_CDC_FS.Mode=CDC_FS
Mcu.IPNb=7
ProjectManager.PreviousToolchain=
SH.SharedAnalog_PA5.ConfNb=2
VP_RCC_USB.Mode=CRS SYNC Source USB
Mcu.Pin6=PA5
Mcu.Pin7=PA11
Mcu.Pin8=PA12
Mcu.Pin9=PA13
PA1.GPIO_PuPd=GPIO_NOPULL
PA1.Signal=GPIO_Output
RCC.AHBFreq_Value=48000000
Mcu.Pin0=PF0-OSC_IN
PF0-OSC_IN.Mode=HSE-External-Oscillator
Mcu.Pin1=PF1-OSC_OUT
Mcu.Pin2=PA1
Mcu.Pin3=PA2
Mcu.Pin4=PA3
Mcu.Pin5=PA4
PA5.Signal=SharedAnalog_PA5
ProjectManager.ProjectBuild=false
PA4.GPIO_PuPd=GPIO_NOPULL
board=custom
PA4.Locked=true
USART2.VirtualMode-Asynchronous=VM_ASYNC
NVIC.SysTick_IRQn=true\:0\:0\:false\:false\:true\:false\:true
ProjectManager.LastFirmware=true
PA4.GPIO_Speed=GPIO_SPEED_FREQ_LOW
RCC.VCOOutput2Freq_Value=8000000
ProjectManager.FirmwarePackage=STM32Cube FW_F0 V1.11.0
MxDb.Version=DB.5.0.60
PA1.GPIOParameters=GPIO_Speed,PinState,GPIO_PuPd,GPIO_Label,GPIO_ModeDefaultOutputPP
ProjectManager.BackupPrevious=false
MxCube.Version=5.6.0
PA14.Mode=Serial_Wire
PF0-OSC_IN.Locked=true
PA1.GPIO_Speed=GPIO_SPEED_FREQ_LOW
File.Version=6
PA1.GPIO_Label=WS2812
VP_SYS_VS_Systick.Mode=SysTick
NVIC.NonMaskableInt_IRQn=true\:0\:0\:false\:false\:true\:false\:false
PA4.GPIOParameters=GPIO_Speed,PinState,GPIO_PuPd,GPIO_Label,GPIO_ModeDefaultOutputPP
NVIC.PendSV_IRQn=true\:0\:0\:false\:false\:true\:false\:false
PA13.Mode=Serial_Wire
ProjectManager.FreePins=true
RCC.IPParameters=AHBFreq_Value,APB1Freq_Value,APB1TimFreq_Value,CECFreq_Value,FCLKCortexFreq_Value,FamilyName,HCLKFreq_Value,HSICECFreq_Value,I2SFreq_Value,PLLCLKFreq_Value,SYSCLKFreq_VALUE,SYSCLKSource,TimSysFreq_Value,USART1Freq_Value,VCOOutput2Freq_Value
ProjectManager.AskForMigrate=true
Mcu.Name=STM32F042F6Px
ProjectManager.HalAssertFull=false
PA2.Signal=USART2_TX
ProjectManager.ProjectName=Software
ProjectManager.UnderRoot=false
RCC.HSICECFreq_Value=32786.88524590164
Mcu.IP6=USB_DEVICE
ProjectManager.CoupleFile=true
VP_RCC_USB.Signal=RCC_USB
PA4.Signal=GPIO_Output
RCC.SYSCLKFreq_VALUE=48000000
Mcu.Package=TSSOP20
RCC.TimSysFreq_Value=48000000
PA1.Locked=true
PA3.Locked=true
PA5.Locked=true
PA12.Mode=Device
PA5.GPIO_Label=Vbus
NVIC.ForceEnableDMAVector=true
KeepUserPlacement=false
PA14.Locked=true
ProjectManager.CompilerOptimize=6
ProjectManager.ToolChainLocation=
VP_SYS_VS_Systick.Signal=SYS_VS_Systick
PA11.Signal=USB_DM
VP_IWDG_VS_IWDG.Signal=IWDG_VS_IWDG
USB_DEVICE.APP_TX_DATA_SIZE=512
PA14.Signal=SYS_SWCLK
ProjectManager.HeapSize=0x200
Mcu.Pin15=VP_USB_DEVICE_VS_USB_DEVICE_CDC_FS
NVIC.HardFault_IRQn=true\:0\:0\:false\:false\:true\:false\:false
VP_USB_DEVICE_VS_USB_DEVICE_CDC_FS.Signal=USB_DEVICE_VS_USB_DEVICE_CDC_FS
PA1.PinState=GPIO_PIN_RESET
PA5.GPIOParameters=GPIO_Label
Mcu.Pin13=VP_SYS_VS_PINREMAP
Mcu.Pin14=VP_SYS_VS_Systick
PA4.GPIO_ModeDefaultOutputPP=GPIO_MODE_OUTPUT_PP
ProjectManager.ComputerToolchain=false
SH.SharedAnalog_PA5.1=ADC_IN5
Mcu.Pin11=VP_IWDG_VS_IWDG
Mcu.Pin12=VP_RCC_USB
Mcu.Pin10=PA14
SH.SharedAnalog_PA5.0=GPIO_Analog
RCC.CECFreq_Value=32786.88524590164
USB_DEVICE.APP_RX_DATA_SIZE=512
RCC.APB1TimFreq_Value=48000000
PA2.Mode=Asynchronous
PF0-OSC_IN.Signal=RCC_OSC_IN
PF1-OSC_OUT.Mode=HSE-External-Oscillator
RCC.APB1Freq_Value=48000000
USB_DEVICE.VirtualMode=Cdc
PA4.GPIO_Label=LED_Power
ProjectManager.CustomerFirmwarePackage=
ProjectManager.DeviceId=STM32F042F6Px
PF1-OSC_OUT.Signal=RCC_OSC_OUT
ProjectManager.LibraryCopy=1
USB_DEVICE.USBD_DEBUG_LEVEL=2
PA3.Signal=USART2_RX
PA1.GPIO_ModeDefaultOutputPP=GPIO_MODE_OUTPUT_PP
PA2.Locked=true
